// !$*UTF8*$!
{
	archiveVersion = 1;
	classes = {
	};
	objectVersion = 50;
	objects = {

/* Begin PBXBuildFile section */
		12EBBACF75448ADB2A680D90 /* Pods_TieExample.framework in Frameworks */ = {isa = PBXBuildFile; fileRef = 5D0C36526FDB541B9FE48181 /* Pods_TieExample.framework */; };
		8D82DF93216398F60057D5AA /* AppDelegate.swift in Sources */ = {isa = PBXBuildFile; fileRef = 8D82DF92216398F60057D5AA /* AppDelegate.swift */; };
		8D82DF95216398F60057D5AA /* ViewController.swift in Sources */ = {isa = PBXBuildFile; fileRef = 8D82DF94216398F60057D5AA /* ViewController.swift */; };
		8D82DF98216398F60057D5AA /* Main.storyboard in Resources */ = {isa = PBXBuildFile; fileRef = 8D82DF96216398F60057D5AA /* Main.storyboard */; };
		8D82DF9A216398F70057D5AA /* Assets.xcassets in Resources */ = {isa = PBXBuildFile; fileRef = 8D82DF99216398F70057D5AA /* Assets.xcassets */; };
		8D82DF9D216398F70057D5AA /* LaunchScreen.storyboard in Resources */ = {isa = PBXBuildFile; fileRef = 8D82DF9B216398F70057D5AA /* LaunchScreen.storyboard */; };
/* End PBXBuildFile section */

/* Begin PBXFileReference section */
		5D0C36526FDB541B9FE48181 /* Pods_TieExample.framework */ = {isa = PBXFileReference; explicitFileType = wrapper.framework; includeInIndex = 0; path = Pods_TieExample.framework; sourceTree = BUILT_PRODUCTS_DIR; };
		8D82DF8F216398F60057D5AA /* TieExample.app */ = {isa = PBXFileReference; explicitFileType = wrapper.application; includeInIndex = 0; path = TieExample.app; sourceTree = BUILT_PRODUCTS_DIR; };
		8D82DF92216398F60057D5AA /* AppDelegate.swift */ = {isa = PBXFileReference; lastKnownFileType = sourcecode.swift; path = AppDelegate.swift; sourceTree = "<group>"; };
		8D82DF94216398F60057D5AA /* ViewController.swift */ = {isa = PBXFileReference; lastKnownFileType = sourcecode.swift; path = ViewController.swift; sourceTree = "<group>"; };
		8D82DF97216398F60057D5AA /* Base */ = {isa = PBXFileReference; lastKnownFileType = file.storyboard; name = Base; path = Base.lproj/Main.storyboard; sourceTree = "<group>"; };
		8D82DF99216398F70057D5AA /* Assets.xcassets */ = {isa = PBXFileReference; lastKnownFileType = folder.assetcatalog; path = Assets.xcassets; sourceTree = "<group>"; };
		8D82DF9C216398F70057D5AA /* Base */ = {isa = PBXFileReference; lastKnownFileType = file.storyboard; name = Base; path = Base.lproj/LaunchScreen.storyboard; sourceTree = "<group>"; };
		8D82DF9E216398F70057D5AA /* Info.plist */ = {isa = PBXFileReference; lastKnownFileType = text.plist.xml; path = Info.plist; sourceTree = "<group>"; };
		9648F6AB510B45C213A8B7B0 /* Pods-TieExample.debug.xcconfig */ = {isa = PBXFileReference; includeInIndex = 1; lastKnownFileType = text.xcconfig; name = "Pods-TieExample.debug.xcconfig"; path = "Pods/Target Support Files/Pods-TieExample/Pods-TieExample.debug.xcconfig"; sourceTree = "<group>"; };
		D182D0C130F0704C4ABCEB41 /* Pods-TieExample.release.xcconfig */ = {isa = PBXFileReference; includeInIndex = 1; lastKnownFileType = text.xcconfig; name = "Pods-TieExample.release.xcconfig"; path = "Pods/Target Support Files/Pods-TieExample/Pods-TieExample.release.xcconfig"; sourceTree = "<group>"; };
/* End PBXFileReference section */

/* Begin PBXFrameworksBuildPhase section */
		8D82DF8C216398F60057D5AA /* Frameworks */ = {
			isa = PBXFrameworksBuildPhase;
			buildActionMask = 2147483647;
			files = (
				12EBBACF75448ADB2A680D90 /* Pods_TieExample.framework in Frameworks */,
			);
			runOnlyForDeploymentPostprocessing = 0;
		};
/* End PBXFrameworksBuildPhase section */

/* Begin PBXGroup section */
		8D82DF86216398F50057D5AA = {
			isa = PBXGroup;
			children = (
				8D82DF91216398F60057D5AA /* TieExample */,
				8D82DF90216398F60057D5AA /* Products */,
				8D82DFB72163BE370057D5AA /* Frameworks */,
				F1187BAAFF5842275B01B0CF /* Pods */,
			);
			sourceTree = "<group>";
		};
		8D82DF90216398F60057D5AA /* Products */ = {
			isa = PBXGroup;
			children = (
				8D82DF8F216398F60057D5AA /* TieExample.app */,
			);
			name = Products;
			sourceTree = "<group>";
		};
		8D82DF91216398F60057D5AA /* TieExample */ = {
			isa = PBXGroup;
			children = (
				8D82DF92216398F60057D5AA /* AppDelegate.swift */,
				8D82DF94216398F60057D5AA /* ViewController.swift */,
				8D82DF96216398F60057D5AA /* Main.storyboard */,
				8D82DF99216398F70057D5AA /* Assets.xcassets */,
				8D82DF9B216398F70057D5AA /* LaunchScreen.storyboard */,
				8D82DF9E216398F70057D5AA /* Info.plist */,
			);
			path = TieExample;
			sourceTree = "<group>";
		};
		8D82DFB72163BE370057D5AA /* Frameworks */ = {
			isa = PBXGroup;
			children = (
				5D0C36526FDB541B9FE48181 /* Pods_TieExample.framework */,
			);
			name = Frameworks;
			sourceTree = "<group>";
		};
		F1187BAAFF5842275B01B0CF /* Pods */ = {
			isa = PBXGroup;
			children = (
				9648F6AB510B45C213A8B7B0 /* Pods-TieExample.debug.xcconfig */,
				D182D0C130F0704C4ABCEB41 /* Pods-TieExample.release.xcconfig */,
			);
			name = Pods;
			sourceTree = "<group>";
		};
/* End PBXGroup section */

/* Begin PBXNativeTarget section */
		8D82DF8E216398F60057D5AA /* TieExample */ = {
			isa = PBXNativeTarget;
			buildConfigurationList = 8D82DFA1216398F70057D5AA /* Build configuration list for PBXNativeTarget "TieExample" */;
			buildPhases = (
				5938938A1BA82423B158B1D4 /* [CP] Check Pods Manifest.lock */,
				8D82DF8B216398F60057D5AA /* Sources */,
				8D82DF8C216398F60057D5AA /* Frameworks */,
				8D82DF8D216398F60057D5AA /* Resources */,
				258D561240E21BE4670E4419 /* [CP] Embed Pods Frameworks */,
			);
			buildRules = (
			);
			dependencies = (
			);
			name = TieExample;
			productName = TieExample;
			productReference = 8D82DF8F216398F60057D5AA /* TieExample.app */;
			productType = "com.apple.product-type.application";
		};
/* End PBXNativeTarget section */

/* Begin PBXProject section */
		8D82DF87216398F50057D5AA /* Project object */ = {
			isa = PBXProject;
			attributes = {
				LastSwiftUpdateCheck = 0940;
				LastUpgradeCheck = 0940;
				ORGANIZATIONNAME = "Artificial Solutions";
				TargetAttributes = {
					8D82DF8E216398F60057D5AA = {
						CreatedOnToolsVersion = 9.4.1;
						LastSwiftMigration = 1000;
					};
				};
			};
			buildConfigurationList = 8D82DF8A216398F50057D5AA /* Build configuration list for PBXProject "TieExample" */;
			compatibilityVersion = "Xcode 9.3";
			developmentRegion = en;
			hasScannedForEncodings = 0;
			knownRegions = (
				en,
				Base,
			);
			mainGroup = 8D82DF86216398F50057D5AA;
			productRefGroup = 8D82DF90216398F60057D5AA /* Products */;
			projectDirPath = "";
			projectRoot = "";
			targets = (
				8D82DF8E216398F60057D5AA /* TieExample */,
			);
		};
/* End PBXProject section */

/* Begin PBXResourcesBuildPhase section */
		8D82DF8D216398F60057D5AA /* Resources */ = {
			isa = PBXResourcesBuildPhase;
			buildActionMask = 2147483647;
			files = (
				8D82DF9D216398F70057D5AA /* LaunchScreen.storyboard in Resources */,
				8D82DF9A216398F70057D5AA /* Assets.xcassets in Resources */,
				8D82DF98216398F60057D5AA /* Main.storyboard in Resources */,
			);
			runOnlyForDeploymentPostprocessing = 0;
		};
/* End PBXResourcesBuildPhase section */

/* Begin PBXShellScriptBuildPhase section */
		258D561240E21BE4670E4419 /* [CP] Embed Pods Frameworks */ = {
			isa = PBXShellScriptBuildPhase;
			buildActionMask = 2147483647;
			files = (
			);
			inputFileListPaths = (
			);
			inputPaths = (
				"${SRCROOT}/Pods/Target Support Files/Pods-TieExample/Pods-TieExample-frameworks.sh",
				"${BUILT_PRODUCTS_DIR}/TieApiClient/TieApiClient.framework",
			);
			name = "[CP] Embed Pods Frameworks";
			outputFileListPaths = (
			);
			outputPaths = (
				"${TARGET_BUILD_DIR}/${FRAMEWORKS_FOLDER_PATH}/TieApiClient.framework",
			);
			runOnlyForDeploymentPostprocessing = 0;
			shellPath = /bin/sh;
			shellScript = "\"${SRCROOT}/Pods/Target Support Files/Pods-TieExample/Pods-TieExample-frameworks.sh\"\n";
			showEnvVarsInLog = 0;
		};
		5938938A1BA82423B158B1D4 /* [CP] Check Pods Manifest.lock */ = {
			isa = PBXShellScriptBuildPhase;
			buildActionMask = 2147483647;
			files = (
			);
			inputFileListPaths = (
			);
			inputPaths = (
				"${PODS_PODFILE_DIR_PATH}/Podfile.lock",
				"${PODS_ROOT}/Manifest.lock",
			);
			name = "[CP] Check Pods Manifest.lock";
			outputFileListPaths = (
			);
			outputPaths = (
				"$(DERIVED_FILE_DIR)/Pods-TieExample-checkManifestLockResult.txt",
			);
			runOnlyForDeploymentPostprocessing = 0;
			shellPath = /bin/sh;
			shellScript = "diff \"${PODS_PODFILE_DIR_PATH}/Podfile.lock\" \"${PODS_ROOT}/Manifest.lock\" > /dev/null\nif [ $? != 0 ] ; then\n    # print error to STDERR\n    echo \"error: The sandbox is not in sync with the Podfile.lock. Run 'pod install' or update your CocoaPods installation.\" >&2\n    exit 1\nfi\n# This output is used by Xcode 'outputs' to avoid re-running this script phase.\necho \"SUCCESS\" > \"${SCRIPT_OUTPUT_FILE_0}\"\n";
			showEnvVarsInLog = 0;
		};
/* End PBXShellScriptBuildPhase section */

/* Begin PBXSourcesBuildPhase section */
		8D82DF8B216398F60057D5AA /* Sources */ = {
			isa = PBXSourcesBuildPhase;
			buildActionMask = 2147483647;
			files = (
				8D82DF95216398F60057D5AA /* ViewController.swift in Sources */,
				8D82DF93216398F60057D5AA /* AppDelegate.swift in Sources */,
			);
			runOnlyForDeploymentPostprocessing = 0;
		};
/* End PBXSourcesBuildPhase section */

/* Begin PBXVariantGroup section */
		8D82DF96216398F60057D5AA /* Main.storyboard */ = {
			isa = PBXVariantGroup;
			children = (
				8D82DF97216398F60057D5AA /* Base */,
			);
			name = Main.storyboard;
			sourceTree = "<group>";
		};
		8D82DF9B216398F70057D5AA /* LaunchScreen.storyboard */ = {
			isa = PBXVariantGroup;
			children = (
				8D82DF9C216398F70057D5AA /* Base */,
			);
			name = LaunchScreen.storyboard;
			sourceTree = "<group>";
		};
/* End PBXVariantGroup section */

/* Begin XCBuildConfiguration section */
		8D82DF9F216398F70057D5AA /* Debug */ = {
			isa = XCBuildConfiguration;
			buildSettings = {
				ALWAYS_SEARCH_USER_PATHS = NO;
				CLANG_ANALYZER_NONNULL = YES;
				CLANG_ANALYZER_NUMBER_OBJECT_CONVERSION = YES_AGGRESSIVE;
				CLANG_CXX_LANGUAGE_STANDARD = "gnu++14";
				CLANG_CXX_LIBRARY = "libc++";
				CLANG_ENABLE_MODULES = YES;
				CLANG_ENABLE_OBJC_ARC = YES;
				CLANG_ENABLE_OBJC_WEAK = YES;
				CLANG_WARN_BLOCK_CAPTURE_AUTORELEASING = YES;
				CLANG_WARN_BOOL_CONVERSION = YES;
				CLANG_WARN_COMMA = YES;
				CLANG_WARN_CONSTANT_CONVERSION = YES;
				CLANG_WARN_DEPRECATED_OBJC_IMPLEMENTATIONS = YES;
				CLANG_WARN_DIRECT_OBJC_ISA_USAGE = YES_ERROR;
				CLANG_WARN_DOCUMENTATION_COMMENTS = YES;
				CLANG_WARN_EMPTY_BODY = YES;
				CLANG_WARN_ENUM_CONVERSION = YES;
				CLANG_WARN_INFINITE_RECURSION = YES;
				CLANG_WARN_INT_CONVERSION = YES;
				CLANG_WARN_NON_LITERAL_NULL_CONVERSION = YES;
				CLANG_WARN_OBJC_IMPLICIT_RETAIN_SELF = YES;
				CLANG_WARN_OBJC_LITERAL_CONVERSION = YES;
				CLANG_WARN_OBJC_ROOT_CLASS = YES_ERROR;
				CLANG_WARN_RANGE_LOOP_ANALYSIS = YES;
				CLANG_WARN_STRICT_PROTOTYPES = YES;
				CLANG_WARN_SUSPICIOUS_MOVE = YES;
				CLANG_WARN_UNGUARDED_AVAILABILITY = YES_AGGRESSIVE;
				CLANG_WARN_UNREACHABLE_CODE = YES;
				CLANG_WARN__DUPLICATE_METHOD_MATCH = YES;
				CODE_SIGN_IDENTITY = "iPhone Developer";
				COPY_PHASE_STRIP = NO;
				DEBUG_INFORMATION_FORMAT = dwarf;
				ENABLE_STRICT_OBJC_MSGSEND = YES;
				ENABLE_TESTABILITY = YES;
				GCC_C_LANGUAGE_STANDARD = gnu11;
				GCC_DYNAMIC_NO_PIC = NO;
				GCC_NO_COMMON_BLOCKS = YES;
				GCC_OPTIMIZATION_LEVEL = 0;
				GCC_PREPROCESSOR_DEFINITIONS = (
					"DEBUG=1",
					"$(inherited)",
				);
				GCC_WARN_64_TO_32_BIT_CONVERSION = YES;
				GCC_WARN_ABOUT_RETURN_TYPE = YES_ERROR;
				GCC_WARN_UNDECLARED_SELECTOR = YES;
				GCC_WARN_UNINITIALIZED_AUTOS = YES_AGGRESSIVE;
				GCC_WARN_UNUSED_FUNCTION = YES;
				GCC_WARN_UNUSED_VARIABLE = YES;
				IPHONEOS_DEPLOYMENT_TARGET = 12.0;
				MTL_ENABLE_DEBUG_INFO = YES;
				ONLY_ACTIVE_ARCH = YES;
				SDKROOT = iphoneos;
				SWIFT_ACTIVE_COMPILATION_CONDITIONS = DEBUG;
				SWIFT_OPTIMIZATION_LEVEL = "-Onone";
				SWIFT_VERSION = 4.2;
			};
			name = Debug;
		};
		8D82DFA0216398F70057D5AA /* Release */ = {
			isa = XCBuildConfiguration;
			buildSettings = {
				ALWAYS_SEARCH_USER_PATHS = NO;
				CLANG_ANALYZER_NONNULL = YES;
				CLANG_ANALYZER_NUMBER_OBJECT_CONVERSION = YES_AGGRESSIVE;
				CLANG_CXX_LANGUAGE_STANDARD = "gnu++14";
				CLANG_CXX_LIBRARY = "libc++";
				CLANG_ENABLE_MODULES = YES;
				CLANG_ENABLE_OBJC_ARC = YES;
				CLANG_ENABLE_OBJC_WEAK = YES;
				CLANG_WARN_BLOCK_CAPTURE_AUTORELEASING = YES;
				CLANG_WARN_BOOL_CONVERSION = YES;
				CLANG_WARN_COMMA = YES;
				CLANG_WARN_CONSTANT_CONVERSION = YES;
				CLANG_WARN_DEPRECATED_OBJC_IMPLEMENTATIONS = YES;
				CLANG_WARN_DIRECT_OBJC_ISA_USAGE = YES_ERROR;
				CLANG_WARN_DOCUMENTATION_COMMENTS = YES;
				CLANG_WARN_EMPTY_BODY = YES;
				CLANG_WARN_ENUM_CONVERSION = YES;
				CLANG_WARN_INFINITE_RECURSION = YES;
				CLANG_WARN_INT_CONVERSION = YES;
				CLANG_WARN_NON_LITERAL_NULL_CONVERSION = YES;
				CLANG_WARN_OBJC_IMPLICIT_RETAIN_SELF = YES;
				CLANG_WARN_OBJC_LITERAL_CONVERSION = YES;
				CLANG_WARN_OBJC_ROOT_CLASS = YES_ERROR;
				CLANG_WARN_RANGE_LOOP_ANALYSIS = YES;
				CLANG_WARN_STRICT_PROTOTYPES = YES;
				CLANG_WARN_SUSPICIOUS_MOVE = YES;
				CLANG_WARN_UNGUARDED_AVAILABILITY = YES_AGGRESSIVE;
				CLANG_WARN_UNREACHABLE_CODE = YES;
				CLANG_WARN__DUPLICATE_METHOD_MATCH = YES;
				CODE_SIGN_IDENTITY = "iPhone Developer";
				COPY_PHASE_STRIP = NO;
				DEBUG_INFORMATION_FORMAT = "dwarf-with-dsym";
				ENABLE_NS_ASSERTIONS = NO;
				ENABLE_STRICT_OBJC_MSGSEND = YES;
				GCC_C_LANGUAGE_STANDARD = gnu11;
				GCC_NO_COMMON_BLOCKS = YES;
				GCC_WARN_64_TO_32_BIT_CONVERSION = YES;
				GCC_WARN_ABOUT_RETURN_TYPE = YES_ERROR;
				GCC_WARN_UNDECLARED_SELECTOR = YES;
				GCC_WARN_UNINITIALIZED_AUTOS = YES_AGGRESSIVE;
				GCC_WARN_UNUSED_FUNCTION = YES;
				GCC_WARN_UNUSED_VARIABLE = YES;
				IPHONEOS_DEPLOYMENT_TARGET = 12.0;
				MTL_ENABLE_DEBUG_INFO = NO;
				SDKROOT = iphoneos;
				SWIFT_COMPILATION_MODE = wholemodule;
				SWIFT_OPTIMIZATION_LEVEL = "-O";
				SWIFT_VERSION = 4.2;
				VALIDATE_PRODUCT = YES;
			};
			name = Release;
		};
		8D82DFA2216398F70057D5AA /* Debug */ = {
			isa = XCBuildConfiguration;
			baseConfigurationReference = 9648F6AB510B45C213A8B7B0 /* Pods-TieExample.debug.xcconfig */;
			buildSettings = {
				ASSETCATALOG_COMPILER_APPICON_NAME = AppIcon;
				CODE_SIGN_STYLE = Automatic;
				DEVELOPMENT_TEAM = "";
				INFOPLIST_FILE = TieExample/Info.plist;
				IPHONEOS_DEPLOYMENT_TARGET = 12.0;
				LD_RUNPATH_SEARCH_PATHS = (
					"$(inherited)",
					"@executable_path/Frameworks",
				);
				PRODUCT_BUNDLE_IDENTIFIER = fi.test.TieExample;
				PRODUCT_NAME = "$(TARGET_NAME)";
				SWIFT_VERSION = 4.2;
				TARGETED_DEVICE_FAMILY = "1,2";
			};
			name = Debug;
		};
		8D82DFA3216398F70057D5AA /* Release */ = {
			isa = XCBuildConfiguration;
			baseConfigurationReference = D182D0C130F0704C4ABCEB41 /* Pods-TieExample.release.xcconfig */;
			buildSettings = {
				ASSETCATALOG_COMPILER_APPICON_NAME = AppIcon;
				CODE_SIGN_STYLE = Automatic;
				DEVELOPMENT_TEAM = "";
				INFOPLIST_FILE = TieExample/Info.plist;
				IPHONEOS_DEPLOYMENT_TARGET = 12.0;
				LD_RUNPATH_SEARCH_PATHS = (
					"$(inherited)",
					"@executable_path/Frameworks",
				);
				PRODUCT_BUNDLE_IDENTIFIER = fi.test.TieExample;
				PRODUCT_NAME = "$(TARGET_NAME)";
				SWIFT_VERSION = 4.2;
				TARGETED_DEVICE_FAMILY = "1,2";
			};
			name = Release;
		};
/* End XCBuildConfiguration section */

/* Begin XCConfigurationList section */
		8D82DF8A216398F50057D5AA /* Build configuration list for PBXProject "TieExample" */ = {
			isa = XCConfigurationList;
			buildConfigurations = (
				8D82DF9F216398F70057D5AA /* Debug */,
				8D82DFA0216398F70057D5AA /* Release */,
			);
			defaultConfigurationIsVisible = 0;
			defaultConfigurationName = Release;
		};
		8D82DFA1216398F70057D5AA /* Build configuration list for PBXNativeTarget "TieExample" */ = {
			isa = XCConfigurationList;
			buildConfigurations = (
				8D82DFA2216398F70057D5AA /* Debug */,
				8D82DFA3216398F70057D5AA /* Release */,
			);
			defaultConfigurationIsVisible = 0;
			defaultConfigurationName = Release;
		};
/* End XCConfigurationList section */
	};
	rootObject = 8D82DF87216398F50057D5AA /* Project object */;
}
